
Microsoft Visual Studio Solution File, Format Version 12.00
# Visual Studio Version 16
VisualStudioVersion = 16.0.29709.97
MinimumVisualStudioVersion = 10.0.40219.1
Project("{9A19103F-16F7-4668-BE54-9A1E7A4F7556}") = "TodoList.Model", "TodoList.Model\TodoList.Model.csproj", "{C7B00474-95DB-4DB8-8104-14DCF7A49E7A}"
EndProject
Project("{9A19103F-16F7-4668-BE54-9A1E7A4F7556}") = "TodoList.Api", "TodoList.Api\TodoList.Api.csproj", "{3E6313C5-C0E4-42D1-8750-7FC8E01C7DF9}"
EndProject
Global
	GlobalSection(SolutionConfigurationPlatforms) = preSolution
		Debug|Any CPU = Debug|Any CPU
		Release|Any CPU = Release|Any CPU
	EndGlobalSection
	GlobalSection(ProjectConfigurationPlatforms) = postSolution
		{C7B00474-95DB-4DB8-8104-14DCF7A49E7A}.Debug|Any CPU.ActiveCfg = Debug|Any CPU
		{C7B00474-95DB-4DB8-8104-14DCF7A49E7A}.Debug|Any CPU.Build.0 = Debug|Any CPU
		{C7B00474-95DB-4DB8-8104-14DCF7A49E7A}.Release|Any CPU.ActiveCfg = Release|Any CPU
		{C7B00474-95DB-4DB8-8104-14DCF7A49E7A}.Release|Any CPU.Build.0 = Release|Any CPU
		{3E6313C5-C0E4-42D1-8750-7FC8E01C7DF9}.Debug|Any CPU.ActiveCfg = Debug|Any CPU
		{3E6313C5-C0E4-42D1-8750-7FC8E01C7DF9}.Debug|Any CPU.Build.0 = Debug|Any CPU
		{3E6313C5-C0E4-42D1-8750-7FC8E01C7DF9}.Release|Any CPU.ActiveCfg = Release|Any CPU
		{3E6313C5-C0E4-42D1-8750-7FC8E01C7DF9}.Release|Any CPU.Build.0 = Release|Any CPU
	EndGlobalSection
	GlobalSection(SolutionProperties) = preSolution
		HideSolutionNode = FALSE
	EndGlobalSection
	GlobalSection(ExtensibilityGlobals) = postSolution
		SolutionGuid = {5BBDF51F-EC89-49CA-932F-32C1551CFB0E}
	EndGlobalSection
EndGlobal
